{
    "_readme": [
        "This file locks the dependencies of your project to a known state",
        "Read more about it at https://getcomposer.org/doc/01-basic-usage.md#composer-lock-the-lock-file",
        "This file is @generated automatically"
    ],
    "hash": "44d4da09f7a54d6291794e5bcce55b62",
    "content-hash": "8100bb784dadce5dd1942c817ec8c35d",
    "packages": [
        {
            "name": "rugk/threema-msgapi-sdk-php",
            "version": "dev-master",
            "source": {
                "type": "git",
                "url": "https://github.com/rugk/threema-msgapi-sdk-php.git",
                "reference": "c8875b4806b6778be7dd10a60bdba3567752bddd"
            },
            "dist": {
                "type": "zip",
                "url": "https://api.github.com/repos/rugk/threema-msgapi-sdk-php/zipball/c8875b4806b6778be7dd10a60bdba3567752bddd",
                "reference": "c8875b4806b6778be7dd10a60bdba3567752bddd",
                "shasum": ""
            },
            "require": {
                "php": ">=5.4.0"
            },
            "suggest": {
                "ext-libsodium": "Installing libsodium is highly recommend! If you use a 64bit version of PHP you can also use a fallback to a pure PHP implementation, but for security reasons it is always recommend to use libsodium. When installing libsodium it is recommend to choose the latest avaliable version. If you cannot or do not want to do this install at least libsodium v1.1.0 or higher as this is the first stable version of the extension."
            },
            "type": "library",
            "autoload": {
                "files": [
                    "source/bootstrap.php"
                ]
            },
            "notification-url": "https://packagist.org/downloads/",
            "license": [
                "MIT"
            ],
            "authors": [
                {
                    "name": "Threema GmbH",
                    "email": "support-gateway-service@threema.ch",
                    "homepage": "https://gateway.threema.ch",
                    "role": "Developer"
                },
                {
                    "name": "rugk",
                    "email": "rugk@posteo.de",
                    "homepage": "https://github.com/rugk",
                    "role": "Maintainer of GitHub repository"
                }
            ],
            "description": "Threema PHP-SDK to integrate Threema Gateway in your environment. This SDK allows you to send end-to-end-encrypted messages to Threema users using the Threema Gateway.",
            "homepage": "https://gateway.threema.ch/en/developer/sdk-php",
            "keywords": [
                "Curve25519",
                "Messenger",
                "Threema",
                "encrypted",
                "encryption",
                "gateway",
                "libsodium",
                "message",
                "mobile",
                "nacl",
                "notification",
                "notifications",
                "security",
                "sms gateway",
                "switzerland"
            ],
            "time": "2016-01-16 23:10:39"
        }
    ],
    "packages-dev": [],
    "aliases": [],
    "minimum-stability": "stable",
    "stability-flags": {
        "rugk/threema-msgapi-sdk-php": 20
    },
    "prefer-stable": false,
    "prefer-lowest": false,
    "platform": {
        "php": ">=5.4.0"
    },
    "platform-dev": []
}
